
Microsoft Visual Studio Solution File, Format Version 12.00
# Visual Studio 2012
Project("{FAE04EC0-301F-11D3-BF4B-00C04F79EFBC}") = "Subgurim.Maps.Core", "Subgurim.Maps.Core\Subgurim.Maps.Core.csproj", "{2A35CD9A-DE6E-4FAB-A1F4-0E9C287B5175}"
EndProject
Project("{FAE04EC0-301F-11D3-BF4B-00C04F79EFBC}") = "Subgurim.Maps.Core.Tests", "Subgurim.Maps.Core.Tests\Subgurim.Maps.Core.Tests.csproj", "{695C5B12-A4DA-4D3B-86F7-E080C7095400}"
EndProject
Global
	GlobalSection(SolutionConfigurationPlatforms) = preSolution
		Debug|Any CPU = Debug|Any CPU
		Release|Any CPU = Release|Any CPU
	EndGlobalSection
	GlobalSection(ProjectConfigurationPlatforms) = postSolution
		{2A35CD9A-DE6E-4FAB-A1F4-0E9C287B5175}.Debug|Any CPU.ActiveCfg = Debug|Any CPU
		{2A35CD9A-DE6E-4FAB-A1F4-0E9C287B5175}.Debug|Any CPU.Build.0 = Debug|Any CPU
		{2A35CD9A-DE6E-4FAB-A1F4-0E9C287B5175}.Release|Any CPU.ActiveCfg = Release|Any CPU
		{2A35CD9A-DE6E-4FAB-A1F4-0E9C287B5175}.Release|Any CPU.Build.0 = Release|Any CPU
		{695C5B12-A4DA-4D3B-86F7-E080C7095400}.Debug|Any CPU.ActiveCfg = Debug|Any CPU
		{695C5B12-A4DA-4D3B-86F7-E080C7095400}.Debug|Any CPU.Build.0 = Debug|Any CPU
		{695C5B12-A4DA-4D3B-86F7-E080C7095400}.Release|Any CPU.ActiveCfg = Release|Any CPU
		{695C5B12-A4DA-4D3B-86F7-E080C7095400}.Release|Any CPU.Build.0 = Release|Any CPU
	EndGlobalSection
	GlobalSection(SolutionProperties) = preSolution
		HideSolutionNode = FALSE
	EndGlobalSection
EndGlobal
